
Microsoft Visual Studio Solution File, Format Version 12.00
# Visual Studio Version 17
VisualStudioVersion = 17.2.32630.192
MinimumVisualStudioVersion = 10.0.40219.1
Project("{9A19103F-16F7-4668-BE54-9A1E7A4F7556}") = "R5T.L0083.Construction", "R5T.L0083.Construction\R5T.L0083.Construction.csproj", "{9CE1B4DA-C5C5-4DC9-9D42-05DE0858A0D1}"
EndProject
Project("{9A19103F-16F7-4668-BE54-9A1E7A4F7556}") = "R5T.L0083", "R5T.L0083\R5T.L0083.csproj", "{1EBAEDF7-5F8D-420B-B627-8B5CD00F6BEB}"
EndProject
Project("{9A19103F-16F7-4668-BE54-9A1E7A4F7556}") = "R5T.L0083.F001", "R5T.L0083.F001\R5T.L0083.F001.csproj", "{F90D53B8-558E-4699-83C0-08EB750F7D0B}"
EndProject
Project("{2150E333-8FDC-42A3-9474-1A3956D46DE8}") = "_Dependencies", "_Dependencies", "{CCC562CC-64CF-4002-BBA0-D072676D2BB1}"
EndProject
Project("{9A19103F-16F7-4668-BE54-9A1E7A4F7556}") = "R5T.L0066", "..\..\R5T.L0066\source\R5T.L0066\R5T.L0066.csproj", "{D556DDF0-D340-4CD6-A799-06AC243F20E3}"
EndProject
Project("{9A19103F-16F7-4668-BE54-9A1E7A4F7556}") = "R5T.T0131", "..\..\R5T.T0131\source\R5T.T0131\R5T.T0131.csproj", "{7BD213E4-33EC-4643-8F35-B1F37616183C}"
EndProject
Project("{9A19103F-16F7-4668-BE54-9A1E7A4F7556}") = "R5T.T0132", "..\..\R5T.T0132\source\R5T.T0132\R5T.T0132.csproj", "{26630EAB-7A0F-432F-94FF-6C86B36E797A}"
EndProject
Project("{9A19103F-16F7-4668-BE54-9A1E7A4F7556}") = "R5T.T0142", "..\..\R5T.T0142\source\R5T.T0142\R5T.T0142.csproj", "{3EB898BB-8291-4DAC-A24A-D5FCD2F28BCE}"
EndProject
Project("{9A19103F-16F7-4668-BE54-9A1E7A4F7556}") = "R5T.T0143", "..\..\R5T.T0143\source\R5T.T0143\R5T.T0143.csproj", "{5FE1F439-CDF7-4B5B-94C4-7A5256762CD9}"
EndProject
Project("{9A19103F-16F7-4668-BE54-9A1E7A4F7556}") = "R5T.T0156", "..\..\R5T.T0156\source\R5T.T0156\R5T.T0156.csproj", "{85F9F02A-1E4E-4F57-BECC-277B70F08929}"
EndProject
Project("{9A19103F-16F7-4668-BE54-9A1E7A4F7556}") = "R5T.Y0006", "..\..\R5T.Y0006\source\R5T.Y0006\R5T.Y0006.csproj", "{A66670FA-E125-42B2-9D7C-411B246E20BC}"
EndProject
Project("{9A19103F-16F7-4668-BE54-9A1E7A4F7556}") = "R5T.L0072", "..\..\R5T.L0072\source\R5T.L0072\R5T.L0072.csproj", "{01BCCFD0-6BCF-4F4D-82AB-79ECB2A1FF6E}"
EndProject
Project("{9A19103F-16F7-4668-BE54-9A1E7A4F7556}") = "R5T.NG0023", "..\..\R5T.NG0023\source\R5T.NG0023\R5T.NG0023.csproj", "{B8FF54D5-9D77-4869-86A0-544ACD440609}"
EndProject
Project("{9A19103F-16F7-4668-BE54-9A1E7A4F7556}") = "R5T.Y0004", "..\..\R5T.Y0004\source\R5T.Y0004\R5T.Y0004.csproj", "{3E5883C9-EE54-46BA-B9BE-B3151368780E}"
EndProject
Global
	GlobalSection(NestedProjects) = preSolution
		{D556DDF0-D340-4CD6-A799-06AC243F20E3} = {CCC562CC-64CF-4002-BBA0-D072676D2BB1}
		{7BD213E4-33EC-4643-8F35-B1F37616183C} = {CCC562CC-64CF-4002-BBA0-D072676D2BB1}
		{26630EAB-7A0F-432F-94FF-6C86B36E797A} = {CCC562CC-64CF-4002-BBA0-D072676D2BB1}
		{3EB898BB-8291-4DAC-A24A-D5FCD2F28BCE} = {CCC562CC-64CF-4002-BBA0-D072676D2BB1}
		{5FE1F439-CDF7-4B5B-94C4-7A5256762CD9} = {CCC562CC-64CF-4002-BBA0-D072676D2BB1}
		{85F9F02A-1E4E-4F57-BECC-277B70F08929} = {CCC562CC-64CF-4002-BBA0-D072676D2BB1}
		{A66670FA-E125-42B2-9D7C-411B246E20BC} = {CCC562CC-64CF-4002-BBA0-D072676D2BB1}
		{01BCCFD0-6BCF-4F4D-82AB-79ECB2A1FF6E} = {CCC562CC-64CF-4002-BBA0-D072676D2BB1}
		{B8FF54D5-9D77-4869-86A0-544ACD440609} = {CCC562CC-64CF-4002-BBA0-D072676D2BB1}
		{3E5883C9-EE54-46BA-B9BE-B3151368780E} = {CCC562CC-64CF-4002-BBA0-D072676D2BB1}
	EndGlobalSection
	GlobalSection(SolutionConfigurationPlatforms) = preSolution
		Debug|Any CPU = Debug|Any CPU
		Release|Any CPU = Release|Any CPU
	EndGlobalSection
	GlobalSection(ProjectConfigurationPlatforms) = postSolution
		{9CE1B4DA-C5C5-4DC9-9D42-05DE0858A0D1}.Debug|Any CPU.ActiveCfg = Debug|Any CPU
		{9CE1B4DA-C5C5-4DC9-9D42-05DE0858A0D1}.Debug|Any CPU.Build.0 = Debug|Any CPU
		{9CE1B4DA-C5C5-4DC9-9D42-05DE0858A0D1}.Release|Any CPU.ActiveCfg = Release|Any CPU
		{9CE1B4DA-C5C5-4DC9-9D42-05DE0858A0D1}.Release|Any CPU.Build.0 = Release|Any CPU
		{1EBAEDF7-5F8D-420B-B627-8B5CD00F6BEB}.Debug|Any CPU.ActiveCfg = Debug|Any CPU
		{1EBAEDF7-5F8D-420B-B627-8B5CD00F6BEB}.Debug|Any CPU.Build.0 = Debug|Any CPU
		{1EBAEDF7-5F8D-420B-B627-8B5CD00F6BEB}.Release|Any CPU.ActiveCfg = Release|Any CPU
		{1EBAEDF7-5F8D-420B-B627-8B5CD00F6BEB}.Release|Any CPU.Build.0 = Release|Any CPU
		{F90D53B8-558E-4699-83C0-08EB750F7D0B}.Debug|Any CPU.ActiveCfg = Debug|Any CPU
		{F90D53B8-558E-4699-83C0-08EB750F7D0B}.Debug|Any CPU.Build.0 = Debug|Any CPU
		{F90D53B8-558E-4699-83C0-08EB750F7D0B}.Release|Any CPU.ActiveCfg = Release|Any CPU
		{F90D53B8-558E-4699-83C0-08EB750F7D0B}.Release|Any CPU.Build.0 = Release|Any CPU
		{D556DDF0-D340-4CD6-A799-06AC243F20E3}.Debug|Any CPU.ActiveCfg = Debug|Any CPU
		{D556DDF0-D340-4CD6-A799-06AC243F20E3}.Debug|Any CPU.Build.0 = Debug|Any CPU
		{D556DDF0-D340-4CD6-A799-06AC243F20E3}.Release|Any CPU.ActiveCfg = Release|Any CPU
		{D556DDF0-D340-4CD6-A799-06AC243F20E3}.Release|Any CPU.Build.0 = Release|Any CPU
		{7BD213E4-33EC-4643-8F35-B1F37616183C}.Debug|Any CPU.ActiveCfg = Debug|Any CPU
		{7BD213E4-33EC-4643-8F35-B1F37616183C}.Debug|Any CPU.Build.0 = Debug|Any CPU
		{7BD213E4-33EC-4643-8F35-B1F37616183C}.Release|Any CPU.ActiveCfg = Release|Any CPU
		{7BD213E4-33EC-4643-8F35-B1F37616183C}.Release|Any CPU.Build.0 = Release|Any CPU
		{26630EAB-7A0F-432F-94FF-6C86B36E797A}.Debug|Any CPU.ActiveCfg = Debug|Any CPU
		{26630EAB-7A0F-432F-94FF-6C86B36E797A}.Debug|Any CPU.Build.0 = Debug|Any CPU
		{26630EAB-7A0F-432F-94FF-6C86B36E797A}.Release|Any CPU.ActiveCfg = Release|Any CPU
		{26630EAB-7A0F-432F-94FF-6C86B36E797A}.Release|Any CPU.Build.0 = Release|Any CPU
		{3EB898BB-8291-4DAC-A24A-D5FCD2F28BCE}.Debug|Any CPU.ActiveCfg = Debug|Any CPU
		{3EB898BB-8291-4DAC-A24A-D5FCD2F28BCE}.Debug|Any CPU.Build.0 = Debug|Any CPU
		{3EB898BB-8291-4DAC-A24A-D5FCD2F28BCE}.Release|Any CPU.ActiveCfg = Release|Any CPU
		{3EB898BB-8291-4DAC-A24A-D5FCD2F28BCE}.Release|Any CPU.Build.0 = Release|Any CPU
		{5FE1F439-CDF7-4B5B-94C4-7A5256762CD9}.Debug|Any CPU.ActiveCfg = Debug|Any CPU
		{5FE1F439-CDF7-4B5B-94C4-7A5256762CD9}.Debug|Any CPU.Build.0 = Debug|Any CPU
		{5FE1F439-CDF7-4B5B-94C4-7A5256762CD9}.Release|Any CPU.ActiveCfg = Release|Any CPU
		{5FE1F439-CDF7-4B5B-94C4-7A5256762CD9}.Release|Any CPU.Build.0 = Release|Any CPU
		{85F9F02A-1E4E-4F57-BECC-277B70F08929}.Debug|Any CPU.ActiveCfg = Debug|Any CPU
		{85F9F02A-1E4E-4F57-BECC-277B70F08929}.Debug|Any CPU.Build.0 = Debug|Any CPU
		{85F9F02A-1E4E-4F57-BECC-277B70F08929}.Release|Any CPU.ActiveCfg = Release|Any CPU
		{85F9F02A-1E4E-4F57-BECC-277B70F08929}.Release|Any CPU.Build.0 = Release|Any CPU
		{A66670FA-E125-42B2-9D7C-411B246E20BC}.Debug|Any CPU.ActiveCfg = Debug|Any CPU
		{A66670FA-E125-42B2-9D7C-411B246E20BC}.Debug|Any CPU.Build.0 = Debug|Any CPU
		{A66670FA-E125-42B2-9D7C-411B246E20BC}.Release|Any CPU.ActiveCfg = Release|Any CPU
		{A66670FA-E125-42B2-9D7C-411B246E20BC}.Release|Any CPU.Build.0 = Release|Any CPU
		{01BCCFD0-6BCF-4F4D-82AB-79ECB2A1FF6E}.Debug|Any CPU.ActiveCfg = Debug|Any CPU
		{01BCCFD0-6BCF-4F4D-82AB-79ECB2A1FF6E}.Debug|Any CPU.Build.0 = Debug|Any CPU
		{01BCCFD0-6BCF-4F4D-82AB-79ECB2A1FF6E}.Release|Any CPU.ActiveCfg = Release|Any CPU
		{01BCCFD0-6BCF-4F4D-82AB-79ECB2A1FF6E}.Release|Any CPU.Build.0 = Release|Any CPU
		{B8FF54D5-9D77-4869-86A0-544ACD440609}.Debug|Any CPU.ActiveCfg = Debug|Any CPU
		{B8FF54D5-9D77-4869-86A0-544ACD440609}.Debug|Any CPU.Build.0 = Debug|Any CPU
		{B8FF54D5-9D77-4869-86A0-544ACD440609}.Release|Any CPU.ActiveCfg = Release|Any CPU
		{B8FF54D5-9D77-4869-86A0-544ACD440609}.Release|Any CPU.Build.0 = Release|Any CPU
		{3E5883C9-EE54-46BA-B9BE-B3151368780E}.Debug|Any CPU.ActiveCfg = Debug|Any CPU
		{3E5883C9-EE54-46BA-B9BE-B3151368780E}.Debug|Any CPU.Build.0 = Debug|Any CPU
		{3E5883C9-EE54-46BA-B9BE-B3151368780E}.Release|Any CPU.ActiveCfg = Release|Any CPU
		{3E5883C9-EE54-46BA-B9BE-B3151368780E}.Release|Any CPU.Build.0 = Release|Any CPU
	EndGlobalSection
	GlobalSection(SolutionProperties) = preSolution
		HideSolutionNode = FALSE
	EndGlobalSection
	GlobalSection(ExtensibilityGlobals) = postSolution
		SolutionGuid = {3417A94D-ABEE-47B3-AA09-25FDA8276802}
	EndGlobalSection
EndGlobal
