
Microsoft Visual Studio Solution File, Format Version 12.00
# Visual Studio Version 17
VisualStudioVersion = 17.2.32630.192
MinimumVisualStudioVersion = 10.0.40219.1
Project("{9A19103F-16F7-4668-BE54-9A1E7A4F7556}") = "R5T.L0083.Construction", "R5T.L0083.Construction\R5T.L0083.Construction.csproj", "{9CE1B4DA-C5C5-4DC9-9D42-05DE0858A0D1}"
EndProject
Project("{9A19103F-16F7-4668-BE54-9A1E7A4F7556}") = "R5T.L0083", "R5T.L0083\R5T.L0083.csproj", "{1EBAEDF7-5F8D-420B-B627-8B5CD00F6BEB}"
EndProject
Global
	GlobalSection(SolutionConfigurationPlatforms) = preSolution
		Debug|Any CPU = Debug|Any CPU
		Release|Any CPU = Release|Any CPU
	EndGlobalSection
	GlobalSection(ProjectConfigurationPlatforms) = postSolution
		{9CE1B4DA-C5C5-4DC9-9D42-05DE0858A0D1}.Debug|Any CPU.ActiveCfg = Debug|Any CPU
		{9CE1B4DA-C5C5-4DC9-9D42-05DE0858A0D1}.Debug|Any CPU.Build.0 = Debug|Any CPU
		{9CE1B4DA-C5C5-4DC9-9D42-05DE0858A0D1}.Release|Any CPU.ActiveCfg = Release|Any CPU
		{9CE1B4DA-C5C5-4DC9-9D42-05DE0858A0D1}.Release|Any CPU.Build.0 = Release|Any CPU
		{1EBAEDF7-5F8D-420B-B627-8B5CD00F6BEB}.Debug|Any CPU.ActiveCfg = Debug|Any CPU
		{1EBAEDF7-5F8D-420B-B627-8B5CD00F6BEB}.Debug|Any CPU.Build.0 = Debug|Any CPU
		{1EBAEDF7-5F8D-420B-B627-8B5CD00F6BEB}.Release|Any CPU.ActiveCfg = Release|Any CPU
		{1EBAEDF7-5F8D-420B-B627-8B5CD00F6BEB}.Release|Any CPU.Build.0 = Release|Any CPU
	EndGlobalSection
	GlobalSection(SolutionProperties) = preSolution
		HideSolutionNode = FALSE
	EndGlobalSection
	GlobalSection(ExtensibilityGlobals) = postSolution
		SolutionGuid = {3417A94D-ABEE-47B3-AA09-25FDA8276802}
	EndGlobalSection
EndGlobal
