
Microsoft Visual Studio Solution File, Format Version 12.00
# Visual Studio Version 17
VisualStudioVersion = 17.2.32630.192
MinimumVisualStudioVersion = 10.0.40219.1
Project("{9A19103F-16F7-4668-BE54-9A1E7A4F7556}") = "R5T.L0083.Construction", "R5T.L0083.Construction\R5T.L0083.Construction.csproj", "{9CE1B4DA-C5C5-4DC9-9D42-05DE0858A0D1}"
EndProject
Project("{9A19103F-16F7-4668-BE54-9A1E7A4F7556}") = "R5T.L0083", "R5T.L0083\R5T.L0083.csproj", "{1EBAEDF7-5F8D-420B-B627-8B5CD00F6BEB}"
EndProject
Project("{9A19103F-16F7-4668-BE54-9A1E7A4F7556}") = "R5T.L0083.F001", "R5T.L0083.F001\R5T.L0083.F001.csproj", "{F90D53B8-558E-4699-83C0-08EB750F7D0B}"
EndProject
Project("{2150E333-8FDC-42A3-9474-1A3956D46DE8}") = "_Dependencies", "_Dependencies", "{CCC562CC-64CF-4002-BBA0-D072676D2BB1}"
EndProject
Project("{9A19103F-16F7-4668-BE54-9A1E7A4F7556}") = "R5T.F0000", "..\..\R5T.F0000\source\R5T.F0000\R5T.F0000.csproj", "{2C45B28C-7C1E-47A8-9AFC-94C0EC4AC71C}"
EndProject
Project("{9A19103F-16F7-4668-BE54-9A1E7A4F7556}") = "R5T.F0002", "..\..\R5T.F0002\source\R5T.F0002\R5T.F0002.csproj", "{CF480EC0-D33C-49AF-9B21-A97AB96C149B}"
EndProject
Project("{9A19103F-16F7-4668-BE54-9A1E7A4F7556}") = "R5T.F0059", "..\..\R5T.F0059\source\R5T.F0059\R5T.F0059.csproj", "{99744E6F-C399-4A18-BB76-E254EC828456}"
EndProject
Project("{9A19103F-16F7-4668-BE54-9A1E7A4F7556}") = "R5T.F0120", "..\..\R5T.F0120\source\R5T.F0120\R5T.F0120.csproj", "{59FF0242-177E-4821-9B31-2B9AE72C9BC8}"
EndProject
Project("{9A19103F-16F7-4668-BE54-9A1E7A4F7556}") = "R5T.F0124", "..\..\R5T.F0124\source\R5T.F0124\R5T.F0124.csproj", "{C3EFB4DE-EB4B-411B-9AFF-110139C72E11}"
EndProject
Project("{9A19103F-16F7-4668-BE54-9A1E7A4F7556}") = "R5T.F0125", "..\..\R5T.F0125\source\R5T.F0125\R5T.F0125.csproj", "{214A7617-0AE4-44BC-909D-9B37C280BC62}"
EndProject
Project("{9A19103F-16F7-4668-BE54-9A1E7A4F7556}") = "R5T.L0030.T000", "..\..\R5T.L0030\source\R5T.L0030.T000\R5T.L0030.T000.csproj", "{684275CF-A4FB-4CA2-8A59-FC783B1CFD24}"
EndProject
Project("{9A19103F-16F7-4668-BE54-9A1E7A4F7556}") = "R5T.L0030", "..\..\R5T.L0030\source\R5T.L0030\R5T.L0030.csproj", "{F781D142-B96E-4C20-ACA0-9ADE6FEBEF5C}"
EndProject
Project("{9A19103F-16F7-4668-BE54-9A1E7A4F7556}") = "R5T.L0034", "..\..\R5T.L0034\source\R5T.L0034\R5T.L0034.csproj", "{D121A698-356B-42F8-A4AE-3CC75AB5223E}"
EndProject
Project("{9A19103F-16F7-4668-BE54-9A1E7A4F7556}") = "R5T.L0035", "..\..\R5T.L0035\source\R5T.L0035\R5T.L0035.csproj", "{B7D0E8F2-8761-4100-8366-0B5B8191B770}"
EndProject
Project("{9A19103F-16F7-4668-BE54-9A1E7A4F7556}") = "R5T.L0053", "..\..\R5T.L0053\source\R5T.L0053\R5T.L0053.csproj", "{1E1F3E5A-9175-4946-AE50-572A717F5E48}"
EndProject
Project("{9A19103F-16F7-4668-BE54-9A1E7A4F7556}") = "R5T.L0056", "..\..\R5T.L0056\source\R5T.L0056\R5T.L0056.csproj", "{146074CA-3576-49AD-8BB6-28E3212DAC45}"
EndProject
Project("{9A19103F-16F7-4668-BE54-9A1E7A4F7556}") = "R5T.L0066", "..\..\R5T.L0066\source\R5T.L0066\R5T.L0066.csproj", "{D556DDF0-D340-4CD6-A799-06AC243F20E3}"
EndProject
Project("{9A19103F-16F7-4668-BE54-9A1E7A4F7556}") = "R5T.L0071", "..\..\R5T.L0071\source\R5T.L0071\R5T.L0071.csproj", "{DF06A646-9C63-49FD-BF90-827C60D1B9E6}"
EndProject
Project("{9A19103F-16F7-4668-BE54-9A1E7A4F7556}") = "R5T.L0074", "..\..\R5T.L0074\source\R5T.L0074\R5T.L0074.csproj", "{1890109A-52A9-4B59-9116-CAB11C53A278}"
EndProject
Project("{9A19103F-16F7-4668-BE54-9A1E7A4F7556}") = "R5T.NG0006", "..\..\R5T.NG0006\source\R5T.NG0006\R5T.NG0006.csproj", "{3A99B107-B2A2-4378-ACF1-A091A433BBFE}"
EndProject
Project("{9A19103F-16F7-4668-BE54-9A1E7A4F7556}") = "R5T.NG0022", "..\..\R5T.NG0022\source\R5T.NG0022\R5T.NG0022.csproj", "{9C18B2EE-F102-452A-8983-CB958AFE760B}"
EndProject
Project("{9A19103F-16F7-4668-BE54-9A1E7A4F7556}") = "R5T.T0131", "..\..\R5T.T0131\source\R5T.T0131\R5T.T0131.csproj", "{7BD213E4-33EC-4643-8F35-B1F37616183C}"
EndProject
Project("{9A19103F-16F7-4668-BE54-9A1E7A4F7556}") = "R5T.T0132", "..\..\R5T.T0132\source\R5T.T0132\R5T.T0132.csproj", "{26630EAB-7A0F-432F-94FF-6C86B36E797A}"
EndProject
Project("{9A19103F-16F7-4668-BE54-9A1E7A4F7556}") = "R5T.T0142", "..\..\R5T.T0142\source\R5T.T0142\R5T.T0142.csproj", "{3EB898BB-8291-4DAC-A24A-D5FCD2F28BCE}"
EndProject
Project("{9A19103F-16F7-4668-BE54-9A1E7A4F7556}") = "R5T.T0143", "..\..\R5T.T0143\source\R5T.T0143\R5T.T0143.csproj", "{5FE1F439-CDF7-4B5B-94C4-7A5256762CD9}"
EndProject
Project("{9A19103F-16F7-4668-BE54-9A1E7A4F7556}") = "R5T.T0150", "..\..\R5T.T0150\source\R5T.T0150\R5T.T0150.csproj", "{693140D9-7EF7-43C6-94F6-242D96AB3401}"
EndProject
Project("{9A19103F-16F7-4668-BE54-9A1E7A4F7556}") = "R5T.T0151", "..\..\R5T.T0151\source\R5T.T0151\R5T.T0151.csproj", "{1E4D34F1-C6DE-4E2A-BB8A-4E0EA7948517}"
EndProject
Project("{9A19103F-16F7-4668-BE54-9A1E7A4F7556}") = "R5T.T0156", "..\..\R5T.T0156\source\R5T.T0156\R5T.T0156.csproj", "{85F9F02A-1E4E-4F57-BECC-277B70F08929}"
EndProject
Project("{9A19103F-16F7-4668-BE54-9A1E7A4F7556}") = "R5T.T0158", "..\..\R5T.T0158\source\R5T.T0158\R5T.T0158.csproj", "{0FBEBC8C-EC83-4CDB-9E4F-4B1A75E6EE24}"
EndProject
Project("{9A19103F-16F7-4668-BE54-9A1E7A4F7556}") = "R5T.T0159", "..\..\R5T.T0159\source\R5T.T0159\R5T.T0159.csproj", "{C395EA22-AA90-4415-B699-AC3ED8EB1A4A}"
EndProject
Project("{9A19103F-16F7-4668-BE54-9A1E7A4F7556}") = "R5T.T0172", "..\..\R5T.T0172\source\R5T.T0172\R5T.T0172.csproj", "{879F4034-5A25-4958-B0BC-722D1F5BC794}"
EndProject
Project("{9A19103F-16F7-4668-BE54-9A1E7A4F7556}") = "R5T.T0174", "..\..\R5T.T0174\source\R5T.T0174\R5T.T0174.csproj", "{4F7F680D-D73D-48CD-9226-60410BAABA7A}"
EndProject
Project("{9A19103F-16F7-4668-BE54-9A1E7A4F7556}") = "R5T.T0176", "..\..\R5T.T0176\source\R5T.T0176\R5T.T0176.csproj", "{62845091-0D25-48DB-A007-68C41CA5EE0A}"
EndProject
Project("{9A19103F-16F7-4668-BE54-9A1E7A4F7556}") = "R5T.T0177", "..\..\R5T.T0177\source\R5T.T0177\R5T.T0177.csproj", "{F78EE303-5D7F-4C0F-A69A-371251F2133C}"
EndProject
Project("{9A19103F-16F7-4668-BE54-9A1E7A4F7556}") = "R5T.T0178", "..\..\R5T.T0178\source\R5T.T0178\R5T.T0178.csproj", "{05FF0D9B-F842-4AD8-9617-729D33975832}"
EndProject
Project("{9A19103F-16F7-4668-BE54-9A1E7A4F7556}") = "R5T.T0179", "..\..\R5T.T0179\source\R5T.T0179\R5T.T0179.csproj", "{725B0AFF-9B61-4FA9-875E-51AA51863FE1}"
EndProject
Project("{9A19103F-16F7-4668-BE54-9A1E7A4F7556}") = "R5T.T0180", "..\..\R5T.T0180\source\R5T.T0180\R5T.T0180.csproj", "{A5A56DC8-A697-484A-A49E-7D668122DC80}"
EndProject
Project("{9A19103F-16F7-4668-BE54-9A1E7A4F7556}") = "R5T.T0181", "..\..\R5T.T0181\source\R5T.T0181\R5T.T0181.csproj", "{4B2CC955-0085-445C-BB66-4B365A42F578}"
EndProject
Project("{9A19103F-16F7-4668-BE54-9A1E7A4F7556}") = "R5T.T0185", "..\..\R5T.T0185\source\R5T.T0185\R5T.T0185.csproj", "{1D908C5F-4D30-46DA-AC6A-8836567DBAFB}"
EndProject
Project("{9A19103F-16F7-4668-BE54-9A1E7A4F7556}") = "R5T.T0199.T000", "..\..\R5T.T0199\source\R5T.T0199.T000\R5T.T0199.T000.csproj", "{08F18FFD-FE29-4DB5-BB0E-14FB1633B762}"
EndProject
Project("{9A19103F-16F7-4668-BE54-9A1E7A4F7556}") = "R5T.T0199.T001", "..\..\R5T.T0199\source\R5T.T0199.T001\R5T.T0199.T001.csproj", "{A76ABCB5-7415-4716-BD06-DF662A31155E}"
EndProject
Project("{9A19103F-16F7-4668-BE54-9A1E7A4F7556}") = "R5T.T0199", "..\..\R5T.T0199\source\R5T.T0199\R5T.T0199.csproj", "{49925204-DB30-4FB5-9C4D-1F684EE03D73}"
EndProject
Project("{9A19103F-16F7-4668-BE54-9A1E7A4F7556}") = "R5T.T0203", "..\..\R5T.T0203\source\R5T.T0203\R5T.T0203.csproj", "{182BE85C-35EF-4767-A0B4-898EA3D3DCF7}"
EndProject
Project("{9A19103F-16F7-4668-BE54-9A1E7A4F7556}") = "R5T.T0213", "..\..\R5T.T0213\source\R5T.T0213\R5T.T0213.csproj", "{272450F5-7179-4BCA-A5D1-CA222A093D1F}"
EndProject
Project("{9A19103F-16F7-4668-BE54-9A1E7A4F7556}") = "R5T.T0218", "..\..\R5T.T0218\source\R5T.T0218\R5T.T0218.csproj", "{6FEDF426-44B1-48CB-BDC4-22A524C6EEEB}"
EndProject
Project("{9A19103F-16F7-4668-BE54-9A1E7A4F7556}") = "R5T.T0219", "..\..\R5T.T0219\source\R5T.T0219\R5T.T0219.csproj", "{B828FE8F-2D73-4DF0-975C-1AC0AB307610}"
EndProject
Project("{9A19103F-16F7-4668-BE54-9A1E7A4F7556}") = "R5T.T0220", "..\..\R5T.T0220\source\R5T.T0220\R5T.T0220.csproj", "{7F8C103F-AE3C-4BAB-A8A9-51B3A0480A7E}"
EndProject
Project("{9A19103F-16F7-4668-BE54-9A1E7A4F7556}") = "R5T.T0221", "..\..\R5T.T0221\source\R5T.T0221\R5T.T0221.csproj", "{3DAFE5AA-AF73-4923-B47F-CA3500E53642}"
EndProject
Project("{9A19103F-16F7-4668-BE54-9A1E7A4F7556}") = "R5T.T0227", "..\..\R5T.T0227\source\R5T.T0227\R5T.T0227.csproj", "{4C3737C7-D25F-4291-B844-CDC68CDE0CBC}"
EndProject
Project("{9A19103F-16F7-4668-BE54-9A1E7A4F7556}") = "R5T.Y0000", "..\..\R5T.Y0000\source\R5T.Y0000\R5T.Y0000.csproj", "{D6931A0E-6AD9-4529-B1AA-CF015D6AF32E}"
EndProject
Project("{9A19103F-16F7-4668-BE54-9A1E7A4F7556}") = "R5T.Y0006", "..\..\R5T.Y0006\source\R5T.Y0006\R5T.Y0006.csproj", "{A66670FA-E125-42B2-9D7C-411B246E20BC}"
EndProject
Project("{9A19103F-16F7-4668-BE54-9A1E7A4F7556}") = "R5T.Z0000", "..\..\R5T.Z0000\source\R5T.Z0000\R5T.Z0000.csproj", "{EDC27B26-5CDD-4B20-A216-E9362AA4956E}"
EndProject
Project("{9A19103F-16F7-4668-BE54-9A1E7A4F7556}") = "R5T.Z0010.Platform", "..\..\R5T.Z0010\source\R5T.Z0010.Platform\R5T.Z0010.Platform.csproj", "{D0192D97-4AB7-427B-B494-FDA41E04C1D4}"
EndProject
Project("{9A19103F-16F7-4668-BE54-9A1E7A4F7556}") = "R5T.Z0010", "..\..\R5T.Z0010\source\R5T.Z0010\R5T.Z0010.csproj", "{CA27676F-F306-415E-A24B-1660174E45A4}"
EndProject
Project("{9A19103F-16F7-4668-BE54-9A1E7A4F7556}") = "R5T.Z0057.Platform", "..\..\R5T.Z0057\source\R5T.Z0057.Platform\R5T.Z0057.Platform.csproj", "{1FDA6243-A6B2-40EE-9680-3DB7B3157DCE}"
EndProject
Project("{9A19103F-16F7-4668-BE54-9A1E7A4F7556}") = "R5T.Z0057", "..\..\R5T.Z0057\source\R5T.Z0057\R5T.Z0057.csproj", "{B686E06F-7BB0-4E91-A17D-462EB4459C38}"
EndProject
Project("{9A19103F-16F7-4668-BE54-9A1E7A4F7556}") = "R5T.Z0058", "..\..\R5T.Z0058\source\R5T.Z0058\R5T.Z0058.csproj", "{7CBAE2C7-AB3B-4B59-B0DC-21FB9598400B}"
EndProject
Project("{9A19103F-16F7-4668-BE54-9A1E7A4F7556}") = "R5T.L0072", "..\..\R5T.L0072\source\R5T.L0072\R5T.L0072.csproj", "{01BCCFD0-6BCF-4F4D-82AB-79ECB2A1FF6E}"
EndProject
Project("{9A19103F-16F7-4668-BE54-9A1E7A4F7556}") = "R5T.NG0023", "..\..\R5T.NG0023\source\R5T.NG0023\R5T.NG0023.csproj", "{B8FF54D5-9D77-4869-86A0-544ACD440609}"
EndProject
Global
	GlobalSection(NestedProjects) = preSolution
		{2C45B28C-7C1E-47A8-9AFC-94C0EC4AC71C} = {CCC562CC-64CF-4002-BBA0-D072676D2BB1}
		{CF480EC0-D33C-49AF-9B21-A97AB96C149B} = {CCC562CC-64CF-4002-BBA0-D072676D2BB1}
		{99744E6F-C399-4A18-BB76-E254EC828456} = {CCC562CC-64CF-4002-BBA0-D072676D2BB1}
		{59FF0242-177E-4821-9B31-2B9AE72C9BC8} = {CCC562CC-64CF-4002-BBA0-D072676D2BB1}
		{C3EFB4DE-EB4B-411B-9AFF-110139C72E11} = {CCC562CC-64CF-4002-BBA0-D072676D2BB1}
		{214A7617-0AE4-44BC-909D-9B37C280BC62} = {CCC562CC-64CF-4002-BBA0-D072676D2BB1}
		{684275CF-A4FB-4CA2-8A59-FC783B1CFD24} = {CCC562CC-64CF-4002-BBA0-D072676D2BB1}
		{F781D142-B96E-4C20-ACA0-9ADE6FEBEF5C} = {CCC562CC-64CF-4002-BBA0-D072676D2BB1}
		{D121A698-356B-42F8-A4AE-3CC75AB5223E} = {CCC562CC-64CF-4002-BBA0-D072676D2BB1}
		{B7D0E8F2-8761-4100-8366-0B5B8191B770} = {CCC562CC-64CF-4002-BBA0-D072676D2BB1}
		{1E1F3E5A-9175-4946-AE50-572A717F5E48} = {CCC562CC-64CF-4002-BBA0-D072676D2BB1}
		{146074CA-3576-49AD-8BB6-28E3212DAC45} = {CCC562CC-64CF-4002-BBA0-D072676D2BB1}
		{D556DDF0-D340-4CD6-A799-06AC243F20E3} = {CCC562CC-64CF-4002-BBA0-D072676D2BB1}
		{DF06A646-9C63-49FD-BF90-827C60D1B9E6} = {CCC562CC-64CF-4002-BBA0-D072676D2BB1}
		{1890109A-52A9-4B59-9116-CAB11C53A278} = {CCC562CC-64CF-4002-BBA0-D072676D2BB1}
		{3A99B107-B2A2-4378-ACF1-A091A433BBFE} = {CCC562CC-64CF-4002-BBA0-D072676D2BB1}
		{9C18B2EE-F102-452A-8983-CB958AFE760B} = {CCC562CC-64CF-4002-BBA0-D072676D2BB1}
		{7BD213E4-33EC-4643-8F35-B1F37616183C} = {CCC562CC-64CF-4002-BBA0-D072676D2BB1}
		{26630EAB-7A0F-432F-94FF-6C86B36E797A} = {CCC562CC-64CF-4002-BBA0-D072676D2BB1}
		{3EB898BB-8291-4DAC-A24A-D5FCD2F28BCE} = {CCC562CC-64CF-4002-BBA0-D072676D2BB1}
		{5FE1F439-CDF7-4B5B-94C4-7A5256762CD9} = {CCC562CC-64CF-4002-BBA0-D072676D2BB1}
		{693140D9-7EF7-43C6-94F6-242D96AB3401} = {CCC562CC-64CF-4002-BBA0-D072676D2BB1}
		{1E4D34F1-C6DE-4E2A-BB8A-4E0EA7948517} = {CCC562CC-64CF-4002-BBA0-D072676D2BB1}
		{85F9F02A-1E4E-4F57-BECC-277B70F08929} = {CCC562CC-64CF-4002-BBA0-D072676D2BB1}
		{0FBEBC8C-EC83-4CDB-9E4F-4B1A75E6EE24} = {CCC562CC-64CF-4002-BBA0-D072676D2BB1}
		{C395EA22-AA90-4415-B699-AC3ED8EB1A4A} = {CCC562CC-64CF-4002-BBA0-D072676D2BB1}
		{879F4034-5A25-4958-B0BC-722D1F5BC794} = {CCC562CC-64CF-4002-BBA0-D072676D2BB1}
		{4F7F680D-D73D-48CD-9226-60410BAABA7A} = {CCC562CC-64CF-4002-BBA0-D072676D2BB1}
		{62845091-0D25-48DB-A007-68C41CA5EE0A} = {CCC562CC-64CF-4002-BBA0-D072676D2BB1}
		{F78EE303-5D7F-4C0F-A69A-371251F2133C} = {CCC562CC-64CF-4002-BBA0-D072676D2BB1}
		{05FF0D9B-F842-4AD8-9617-729D33975832} = {CCC562CC-64CF-4002-BBA0-D072676D2BB1}
		{725B0AFF-9B61-4FA9-875E-51AA51863FE1} = {CCC562CC-64CF-4002-BBA0-D072676D2BB1}
		{A5A56DC8-A697-484A-A49E-7D668122DC80} = {CCC562CC-64CF-4002-BBA0-D072676D2BB1}
		{4B2CC955-0085-445C-BB66-4B365A42F578} = {CCC562CC-64CF-4002-BBA0-D072676D2BB1}
		{1D908C5F-4D30-46DA-AC6A-8836567DBAFB} = {CCC562CC-64CF-4002-BBA0-D072676D2BB1}
		{08F18FFD-FE29-4DB5-BB0E-14FB1633B762} = {CCC562CC-64CF-4002-BBA0-D072676D2BB1}
		{A76ABCB5-7415-4716-BD06-DF662A31155E} = {CCC562CC-64CF-4002-BBA0-D072676D2BB1}
		{49925204-DB30-4FB5-9C4D-1F684EE03D73} = {CCC562CC-64CF-4002-BBA0-D072676D2BB1}
		{182BE85C-35EF-4767-A0B4-898EA3D3DCF7} = {CCC562CC-64CF-4002-BBA0-D072676D2BB1}
		{272450F5-7179-4BCA-A5D1-CA222A093D1F} = {CCC562CC-64CF-4002-BBA0-D072676D2BB1}
		{6FEDF426-44B1-48CB-BDC4-22A524C6EEEB} = {CCC562CC-64CF-4002-BBA0-D072676D2BB1}
		{B828FE8F-2D73-4DF0-975C-1AC0AB307610} = {CCC562CC-64CF-4002-BBA0-D072676D2BB1}
		{7F8C103F-AE3C-4BAB-A8A9-51B3A0480A7E} = {CCC562CC-64CF-4002-BBA0-D072676D2BB1}
		{3DAFE5AA-AF73-4923-B47F-CA3500E53642} = {CCC562CC-64CF-4002-BBA0-D072676D2BB1}
		{4C3737C7-D25F-4291-B844-CDC68CDE0CBC} = {CCC562CC-64CF-4002-BBA0-D072676D2BB1}
		{D6931A0E-6AD9-4529-B1AA-CF015D6AF32E} = {CCC562CC-64CF-4002-BBA0-D072676D2BB1}
		{A66670FA-E125-42B2-9D7C-411B246E20BC} = {CCC562CC-64CF-4002-BBA0-D072676D2BB1}
		{EDC27B26-5CDD-4B20-A216-E9362AA4956E} = {CCC562CC-64CF-4002-BBA0-D072676D2BB1}
		{D0192D97-4AB7-427B-B494-FDA41E04C1D4} = {CCC562CC-64CF-4002-BBA0-D072676D2BB1}
		{CA27676F-F306-415E-A24B-1660174E45A4} = {CCC562CC-64CF-4002-BBA0-D072676D2BB1}
		{1FDA6243-A6B2-40EE-9680-3DB7B3157DCE} = {CCC562CC-64CF-4002-BBA0-D072676D2BB1}
		{B686E06F-7BB0-4E91-A17D-462EB4459C38} = {CCC562CC-64CF-4002-BBA0-D072676D2BB1}
		{7CBAE2C7-AB3B-4B59-B0DC-21FB9598400B} = {CCC562CC-64CF-4002-BBA0-D072676D2BB1}
		{01BCCFD0-6BCF-4F4D-82AB-79ECB2A1FF6E} = {CCC562CC-64CF-4002-BBA0-D072676D2BB1}
		{B8FF54D5-9D77-4869-86A0-544ACD440609} = {CCC562CC-64CF-4002-BBA0-D072676D2BB1}
	EndGlobalSection
	GlobalSection(SolutionConfigurationPlatforms) = preSolution
		Debug|Any CPU = Debug|Any CPU
		Release|Any CPU = Release|Any CPU
	EndGlobalSection
	GlobalSection(ProjectConfigurationPlatforms) = postSolution
		{9CE1B4DA-C5C5-4DC9-9D42-05DE0858A0D1}.Debug|Any CPU.ActiveCfg = Debug|Any CPU
		{9CE1B4DA-C5C5-4DC9-9D42-05DE0858A0D1}.Debug|Any CPU.Build.0 = Debug|Any CPU
		{9CE1B4DA-C5C5-4DC9-9D42-05DE0858A0D1}.Release|Any CPU.ActiveCfg = Release|Any CPU
		{9CE1B4DA-C5C5-4DC9-9D42-05DE0858A0D1}.Release|Any CPU.Build.0 = Release|Any CPU
		{1EBAEDF7-5F8D-420B-B627-8B5CD00F6BEB}.Debug|Any CPU.ActiveCfg = Debug|Any CPU
		{1EBAEDF7-5F8D-420B-B627-8B5CD00F6BEB}.Debug|Any CPU.Build.0 = Debug|Any CPU
		{1EBAEDF7-5F8D-420B-B627-8B5CD00F6BEB}.Release|Any CPU.ActiveCfg = Release|Any CPU
		{1EBAEDF7-5F8D-420B-B627-8B5CD00F6BEB}.Release|Any CPU.Build.0 = Release|Any CPU
		{F90D53B8-558E-4699-83C0-08EB750F7D0B}.Debug|Any CPU.ActiveCfg = Debug|Any CPU
		{F90D53B8-558E-4699-83C0-08EB750F7D0B}.Debug|Any CPU.Build.0 = Debug|Any CPU
		{F90D53B8-558E-4699-83C0-08EB750F7D0B}.Release|Any CPU.ActiveCfg = Release|Any CPU
		{F90D53B8-558E-4699-83C0-08EB750F7D0B}.Release|Any CPU.Build.0 = Release|Any CPU
		{2C45B28C-7C1E-47A8-9AFC-94C0EC4AC71C}.Debug|Any CPU.ActiveCfg = Debug|Any CPU
		{2C45B28C-7C1E-47A8-9AFC-94C0EC4AC71C}.Debug|Any CPU.Build.0 = Debug|Any CPU
		{2C45B28C-7C1E-47A8-9AFC-94C0EC4AC71C}.Release|Any CPU.ActiveCfg = Release|Any CPU
		{2C45B28C-7C1E-47A8-9AFC-94C0EC4AC71C}.Release|Any CPU.Build.0 = Release|Any CPU
		{CF480EC0-D33C-49AF-9B21-A97AB96C149B}.Debug|Any CPU.ActiveCfg = Debug|Any CPU
		{CF480EC0-D33C-49AF-9B21-A97AB96C149B}.Debug|Any CPU.Build.0 = Debug|Any CPU
		{CF480EC0-D33C-49AF-9B21-A97AB96C149B}.Release|Any CPU.ActiveCfg = Release|Any CPU
		{CF480EC0-D33C-49AF-9B21-A97AB96C149B}.Release|Any CPU.Build.0 = Release|Any CPU
		{99744E6F-C399-4A18-BB76-E254EC828456}.Debug|Any CPU.ActiveCfg = Debug|Any CPU
		{99744E6F-C399-4A18-BB76-E254EC828456}.Debug|Any CPU.Build.0 = Debug|Any CPU
		{99744E6F-C399-4A18-BB76-E254EC828456}.Release|Any CPU.ActiveCfg = Release|Any CPU
		{99744E6F-C399-4A18-BB76-E254EC828456}.Release|Any CPU.Build.0 = Release|Any CPU
		{59FF0242-177E-4821-9B31-2B9AE72C9BC8}.Debug|Any CPU.ActiveCfg = Debug|Any CPU
		{59FF0242-177E-4821-9B31-2B9AE72C9BC8}.Debug|Any CPU.Build.0 = Debug|Any CPU
		{59FF0242-177E-4821-9B31-2B9AE72C9BC8}.Release|Any CPU.ActiveCfg = Release|Any CPU
		{59FF0242-177E-4821-9B31-2B9AE72C9BC8}.Release|Any CPU.Build.0 = Release|Any CPU
		{C3EFB4DE-EB4B-411B-9AFF-110139C72E11}.Debug|Any CPU.ActiveCfg = Debug|Any CPU
		{C3EFB4DE-EB4B-411B-9AFF-110139C72E11}.Debug|Any CPU.Build.0 = Debug|Any CPU
		{C3EFB4DE-EB4B-411B-9AFF-110139C72E11}.Release|Any CPU.ActiveCfg = Release|Any CPU
		{C3EFB4DE-EB4B-411B-9AFF-110139C72E11}.Release|Any CPU.Build.0 = Release|Any CPU
		{214A7617-0AE4-44BC-909D-9B37C280BC62}.Debug|Any CPU.ActiveCfg = Debug|Any CPU
		{214A7617-0AE4-44BC-909D-9B37C280BC62}.Debug|Any CPU.Build.0 = Debug|Any CPU
		{214A7617-0AE4-44BC-909D-9B37C280BC62}.Release|Any CPU.ActiveCfg = Release|Any CPU
		{214A7617-0AE4-44BC-909D-9B37C280BC62}.Release|Any CPU.Build.0 = Release|Any CPU
		{684275CF-A4FB-4CA2-8A59-FC783B1CFD24}.Debug|Any CPU.ActiveCfg = Debug|Any CPU
		{684275CF-A4FB-4CA2-8A59-FC783B1CFD24}.Debug|Any CPU.Build.0 = Debug|Any CPU
		{684275CF-A4FB-4CA2-8A59-FC783B1CFD24}.Release|Any CPU.ActiveCfg = Release|Any CPU
		{684275CF-A4FB-4CA2-8A59-FC783B1CFD24}.Release|Any CPU.Build.0 = Release|Any CPU
		{F781D142-B96E-4C20-ACA0-9ADE6FEBEF5C}.Debug|Any CPU.ActiveCfg = Debug|Any CPU
		{F781D142-B96E-4C20-ACA0-9ADE6FEBEF5C}.Debug|Any CPU.Build.0 = Debug|Any CPU
		{F781D142-B96E-4C20-ACA0-9ADE6FEBEF5C}.Release|Any CPU.ActiveCfg = Release|Any CPU
		{F781D142-B96E-4C20-ACA0-9ADE6FEBEF5C}.Release|Any CPU.Build.0 = Release|Any CPU
		{D121A698-356B-42F8-A4AE-3CC75AB5223E}.Debug|Any CPU.ActiveCfg = Debug|Any CPU
		{D121A698-356B-42F8-A4AE-3CC75AB5223E}.Debug|Any CPU.Build.0 = Debug|Any CPU
		{D121A698-356B-42F8-A4AE-3CC75AB5223E}.Release|Any CPU.ActiveCfg = Release|Any CPU
		{D121A698-356B-42F8-A4AE-3CC75AB5223E}.Release|Any CPU.Build.0 = Release|Any CPU
		{B7D0E8F2-8761-4100-8366-0B5B8191B770}.Debug|Any CPU.ActiveCfg = Debug|Any CPU
		{B7D0E8F2-8761-4100-8366-0B5B8191B770}.Debug|Any CPU.Build.0 = Debug|Any CPU
		{B7D0E8F2-8761-4100-8366-0B5B8191B770}.Release|Any CPU.ActiveCfg = Release|Any CPU
		{B7D0E8F2-8761-4100-8366-0B5B8191B770}.Release|Any CPU.Build.0 = Release|Any CPU
		{1E1F3E5A-9175-4946-AE50-572A717F5E48}.Debug|Any CPU.ActiveCfg = Debug|Any CPU
		{1E1F3E5A-9175-4946-AE50-572A717F5E48}.Debug|Any CPU.Build.0 = Debug|Any CPU
		{1E1F3E5A-9175-4946-AE50-572A717F5E48}.Release|Any CPU.ActiveCfg = Release|Any CPU
		{1E1F3E5A-9175-4946-AE50-572A717F5E48}.Release|Any CPU.Build.0 = Release|Any CPU
		{146074CA-3576-49AD-8BB6-28E3212DAC45}.Debug|Any CPU.ActiveCfg = Debug|Any CPU
		{146074CA-3576-49AD-8BB6-28E3212DAC45}.Debug|Any CPU.Build.0 = Debug|Any CPU
		{146074CA-3576-49AD-8BB6-28E3212DAC45}.Release|Any CPU.ActiveCfg = Release|Any CPU
		{146074CA-3576-49AD-8BB6-28E3212DAC45}.Release|Any CPU.Build.0 = Release|Any CPU
		{D556DDF0-D340-4CD6-A799-06AC243F20E3}.Debug|Any CPU.ActiveCfg = Debug|Any CPU
		{D556DDF0-D340-4CD6-A799-06AC243F20E3}.Debug|Any CPU.Build.0 = Debug|Any CPU
		{D556DDF0-D340-4CD6-A799-06AC243F20E3}.Release|Any CPU.ActiveCfg = Release|Any CPU
		{D556DDF0-D340-4CD6-A799-06AC243F20E3}.Release|Any CPU.Build.0 = Release|Any CPU
		{DF06A646-9C63-49FD-BF90-827C60D1B9E6}.Debug|Any CPU.ActiveCfg = Debug|Any CPU
		{DF06A646-9C63-49FD-BF90-827C60D1B9E6}.Debug|Any CPU.Build.0 = Debug|Any CPU
		{DF06A646-9C63-49FD-BF90-827C60D1B9E6}.Release|Any CPU.ActiveCfg = Release|Any CPU
		{DF06A646-9C63-49FD-BF90-827C60D1B9E6}.Release|Any CPU.Build.0 = Release|Any CPU
		{1890109A-52A9-4B59-9116-CAB11C53A278}.Debug|Any CPU.ActiveCfg = Debug|Any CPU
		{1890109A-52A9-4B59-9116-CAB11C53A278}.Debug|Any CPU.Build.0 = Debug|Any CPU
		{1890109A-52A9-4B59-9116-CAB11C53A278}.Release|Any CPU.ActiveCfg = Release|Any CPU
		{1890109A-52A9-4B59-9116-CAB11C53A278}.Release|Any CPU.Build.0 = Release|Any CPU
		{3A99B107-B2A2-4378-ACF1-A091A433BBFE}.Debug|Any CPU.ActiveCfg = Debug|Any CPU
		{3A99B107-B2A2-4378-ACF1-A091A433BBFE}.Debug|Any CPU.Build.0 = Debug|Any CPU
		{3A99B107-B2A2-4378-ACF1-A091A433BBFE}.Release|Any CPU.ActiveCfg = Release|Any CPU
		{3A99B107-B2A2-4378-ACF1-A091A433BBFE}.Release|Any CPU.Build.0 = Release|Any CPU
		{9C18B2EE-F102-452A-8983-CB958AFE760B}.Debug|Any CPU.ActiveCfg = Debug|Any CPU
		{9C18B2EE-F102-452A-8983-CB958AFE760B}.Debug|Any CPU.Build.0 = Debug|Any CPU
		{9C18B2EE-F102-452A-8983-CB958AFE760B}.Release|Any CPU.ActiveCfg = Release|Any CPU
		{9C18B2EE-F102-452A-8983-CB958AFE760B}.Release|Any CPU.Build.0 = Release|Any CPU
		{7BD213E4-33EC-4643-8F35-B1F37616183C}.Debug|Any CPU.ActiveCfg = Debug|Any CPU
		{7BD213E4-33EC-4643-8F35-B1F37616183C}.Debug|Any CPU.Build.0 = Debug|Any CPU
		{7BD213E4-33EC-4643-8F35-B1F37616183C}.Release|Any CPU.ActiveCfg = Release|Any CPU
		{7BD213E4-33EC-4643-8F35-B1F37616183C}.Release|Any CPU.Build.0 = Release|Any CPU
		{26630EAB-7A0F-432F-94FF-6C86B36E797A}.Debug|Any CPU.ActiveCfg = Debug|Any CPU
		{26630EAB-7A0F-432F-94FF-6C86B36E797A}.Debug|Any CPU.Build.0 = Debug|Any CPU
		{26630EAB-7A0F-432F-94FF-6C86B36E797A}.Release|Any CPU.ActiveCfg = Release|Any CPU
		{26630EAB-7A0F-432F-94FF-6C86B36E797A}.Release|Any CPU.Build.0 = Release|Any CPU
		{3EB898BB-8291-4DAC-A24A-D5FCD2F28BCE}.Debug|Any CPU.ActiveCfg = Debug|Any CPU
		{3EB898BB-8291-4DAC-A24A-D5FCD2F28BCE}.Debug|Any CPU.Build.0 = Debug|Any CPU
		{3EB898BB-8291-4DAC-A24A-D5FCD2F28BCE}.Release|Any CPU.ActiveCfg = Release|Any CPU
		{3EB898BB-8291-4DAC-A24A-D5FCD2F28BCE}.Release|Any CPU.Build.0 = Release|Any CPU
		{5FE1F439-CDF7-4B5B-94C4-7A5256762CD9}.Debug|Any CPU.ActiveCfg = Debug|Any CPU
		{5FE1F439-CDF7-4B5B-94C4-7A5256762CD9}.Debug|Any CPU.Build.0 = Debug|Any CPU
		{5FE1F439-CDF7-4B5B-94C4-7A5256762CD9}.Release|Any CPU.ActiveCfg = Release|Any CPU
		{5FE1F439-CDF7-4B5B-94C4-7A5256762CD9}.Release|Any CPU.Build.0 = Release|Any CPU
		{693140D9-7EF7-43C6-94F6-242D96AB3401}.Debug|Any CPU.ActiveCfg = Debug|Any CPU
		{693140D9-7EF7-43C6-94F6-242D96AB3401}.Debug|Any CPU.Build.0 = Debug|Any CPU
		{693140D9-7EF7-43C6-94F6-242D96AB3401}.Release|Any CPU.ActiveCfg = Release|Any CPU
		{693140D9-7EF7-43C6-94F6-242D96AB3401}.Release|Any CPU.Build.0 = Release|Any CPU
		{1E4D34F1-C6DE-4E2A-BB8A-4E0EA7948517}.Debug|Any CPU.ActiveCfg = Debug|Any CPU
		{1E4D34F1-C6DE-4E2A-BB8A-4E0EA7948517}.Debug|Any CPU.Build.0 = Debug|Any CPU
		{1E4D34F1-C6DE-4E2A-BB8A-4E0EA7948517}.Release|Any CPU.ActiveCfg = Release|Any CPU
		{1E4D34F1-C6DE-4E2A-BB8A-4E0EA7948517}.Release|Any CPU.Build.0 = Release|Any CPU
		{85F9F02A-1E4E-4F57-BECC-277B70F08929}.Debug|Any CPU.ActiveCfg = Debug|Any CPU
		{85F9F02A-1E4E-4F57-BECC-277B70F08929}.Debug|Any CPU.Build.0 = Debug|Any CPU
		{85F9F02A-1E4E-4F57-BECC-277B70F08929}.Release|Any CPU.ActiveCfg = Release|Any CPU
		{85F9F02A-1E4E-4F57-BECC-277B70F08929}.Release|Any CPU.Build.0 = Release|Any CPU
		{0FBEBC8C-EC83-4CDB-9E4F-4B1A75E6EE24}.Debug|Any CPU.ActiveCfg = Debug|Any CPU
		{0FBEBC8C-EC83-4CDB-9E4F-4B1A75E6EE24}.Debug|Any CPU.Build.0 = Debug|Any CPU
		{0FBEBC8C-EC83-4CDB-9E4F-4B1A75E6EE24}.Release|Any CPU.ActiveCfg = Release|Any CPU
		{0FBEBC8C-EC83-4CDB-9E4F-4B1A75E6EE24}.Release|Any CPU.Build.0 = Release|Any CPU
		{C395EA22-AA90-4415-B699-AC3ED8EB1A4A}.Debug|Any CPU.ActiveCfg = Debug|Any CPU
		{C395EA22-AA90-4415-B699-AC3ED8EB1A4A}.Debug|Any CPU.Build.0 = Debug|Any CPU
		{C395EA22-AA90-4415-B699-AC3ED8EB1A4A}.Release|Any CPU.ActiveCfg = Release|Any CPU
		{C395EA22-AA90-4415-B699-AC3ED8EB1A4A}.Release|Any CPU.Build.0 = Release|Any CPU
		{879F4034-5A25-4958-B0BC-722D1F5BC794}.Debug|Any CPU.ActiveCfg = Debug|Any CPU
		{879F4034-5A25-4958-B0BC-722D1F5BC794}.Debug|Any CPU.Build.0 = Debug|Any CPU
		{879F4034-5A25-4958-B0BC-722D1F5BC794}.Release|Any CPU.ActiveCfg = Release|Any CPU
		{879F4034-5A25-4958-B0BC-722D1F5BC794}.Release|Any CPU.Build.0 = Release|Any CPU
		{4F7F680D-D73D-48CD-9226-60410BAABA7A}.Debug|Any CPU.ActiveCfg = Debug|Any CPU
		{4F7F680D-D73D-48CD-9226-60410BAABA7A}.Debug|Any CPU.Build.0 = Debug|Any CPU
		{4F7F680D-D73D-48CD-9226-60410BAABA7A}.Release|Any CPU.ActiveCfg = Release|Any CPU
		{4F7F680D-D73D-48CD-9226-60410BAABA7A}.Release|Any CPU.Build.0 = Release|Any CPU
		{62845091-0D25-48DB-A007-68C41CA5EE0A}.Debug|Any CPU.ActiveCfg = Debug|Any CPU
		{62845091-0D25-48DB-A007-68C41CA5EE0A}.Debug|Any CPU.Build.0 = Debug|Any CPU
		{62845091-0D25-48DB-A007-68C41CA5EE0A}.Release|Any CPU.ActiveCfg = Release|Any CPU
		{62845091-0D25-48DB-A007-68C41CA5EE0A}.Release|Any CPU.Build.0 = Release|Any CPU
		{F78EE303-5D7F-4C0F-A69A-371251F2133C}.Debug|Any CPU.ActiveCfg = Debug|Any CPU
		{F78EE303-5D7F-4C0F-A69A-371251F2133C}.Debug|Any CPU.Build.0 = Debug|Any CPU
		{F78EE303-5D7F-4C0F-A69A-371251F2133C}.Release|Any CPU.ActiveCfg = Release|Any CPU
		{F78EE303-5D7F-4C0F-A69A-371251F2133C}.Release|Any CPU.Build.0 = Release|Any CPU
		{05FF0D9B-F842-4AD8-9617-729D33975832}.Debug|Any CPU.ActiveCfg = Debug|Any CPU
		{05FF0D9B-F842-4AD8-9617-729D33975832}.Debug|Any CPU.Build.0 = Debug|Any CPU
		{05FF0D9B-F842-4AD8-9617-729D33975832}.Release|Any CPU.ActiveCfg = Release|Any CPU
		{05FF0D9B-F842-4AD8-9617-729D33975832}.Release|Any CPU.Build.0 = Release|Any CPU
		{725B0AFF-9B61-4FA9-875E-51AA51863FE1}.Debug|Any CPU.ActiveCfg = Debug|Any CPU
		{725B0AFF-9B61-4FA9-875E-51AA51863FE1}.Debug|Any CPU.Build.0 = Debug|Any CPU
		{725B0AFF-9B61-4FA9-875E-51AA51863FE1}.Release|Any CPU.ActiveCfg = Release|Any CPU
		{725B0AFF-9B61-4FA9-875E-51AA51863FE1}.Release|Any CPU.Build.0 = Release|Any CPU
		{A5A56DC8-A697-484A-A49E-7D668122DC80}.Debug|Any CPU.ActiveCfg = Debug|Any CPU
		{A5A56DC8-A697-484A-A49E-7D668122DC80}.Debug|Any CPU.Build.0 = Debug|Any CPU
		{A5A56DC8-A697-484A-A49E-7D668122DC80}.Release|Any CPU.ActiveCfg = Release|Any CPU
		{A5A56DC8-A697-484A-A49E-7D668122DC80}.Release|Any CPU.Build.0 = Release|Any CPU
		{4B2CC955-0085-445C-BB66-4B365A42F578}.Debug|Any CPU.ActiveCfg = Debug|Any CPU
		{4B2CC955-0085-445C-BB66-4B365A42F578}.Debug|Any CPU.Build.0 = Debug|Any CPU
		{4B2CC955-0085-445C-BB66-4B365A42F578}.Release|Any CPU.ActiveCfg = Release|Any CPU
		{4B2CC955-0085-445C-BB66-4B365A42F578}.Release|Any CPU.Build.0 = Release|Any CPU
		{1D908C5F-4D30-46DA-AC6A-8836567DBAFB}.Debug|Any CPU.ActiveCfg = Debug|Any CPU
		{1D908C5F-4D30-46DA-AC6A-8836567DBAFB}.Debug|Any CPU.Build.0 = Debug|Any CPU
		{1D908C5F-4D30-46DA-AC6A-8836567DBAFB}.Release|Any CPU.ActiveCfg = Release|Any CPU
		{1D908C5F-4D30-46DA-AC6A-8836567DBAFB}.Release|Any CPU.Build.0 = Release|Any CPU
		{08F18FFD-FE29-4DB5-BB0E-14FB1633B762}.Debug|Any CPU.ActiveCfg = Debug|Any CPU
		{08F18FFD-FE29-4DB5-BB0E-14FB1633B762}.Debug|Any CPU.Build.0 = Debug|Any CPU
		{08F18FFD-FE29-4DB5-BB0E-14FB1633B762}.Release|Any CPU.ActiveCfg = Release|Any CPU
		{08F18FFD-FE29-4DB5-BB0E-14FB1633B762}.Release|Any CPU.Build.0 = Release|Any CPU
		{A76ABCB5-7415-4716-BD06-DF662A31155E}.Debug|Any CPU.ActiveCfg = Debug|Any CPU
		{A76ABCB5-7415-4716-BD06-DF662A31155E}.Debug|Any CPU.Build.0 = Debug|Any CPU
		{A76ABCB5-7415-4716-BD06-DF662A31155E}.Release|Any CPU.ActiveCfg = Release|Any CPU
		{A76ABCB5-7415-4716-BD06-DF662A31155E}.Release|Any CPU.Build.0 = Release|Any CPU
		{49925204-DB30-4FB5-9C4D-1F684EE03D73}.Debug|Any CPU.ActiveCfg = Debug|Any CPU
		{49925204-DB30-4FB5-9C4D-1F684EE03D73}.Debug|Any CPU.Build.0 = Debug|Any CPU
		{49925204-DB30-4FB5-9C4D-1F684EE03D73}.Release|Any CPU.ActiveCfg = Release|Any CPU
		{49925204-DB30-4FB5-9C4D-1F684EE03D73}.Release|Any CPU.Build.0 = Release|Any CPU
		{182BE85C-35EF-4767-A0B4-898EA3D3DCF7}.Debug|Any CPU.ActiveCfg = Debug|Any CPU
		{182BE85C-35EF-4767-A0B4-898EA3D3DCF7}.Debug|Any CPU.Build.0 = Debug|Any CPU
		{182BE85C-35EF-4767-A0B4-898EA3D3DCF7}.Release|Any CPU.ActiveCfg = Release|Any CPU
		{182BE85C-35EF-4767-A0B4-898EA3D3DCF7}.Release|Any CPU.Build.0 = Release|Any CPU
		{272450F5-7179-4BCA-A5D1-CA222A093D1F}.Debug|Any CPU.ActiveCfg = Debug|Any CPU
		{272450F5-7179-4BCA-A5D1-CA222A093D1F}.Debug|Any CPU.Build.0 = Debug|Any CPU
		{272450F5-7179-4BCA-A5D1-CA222A093D1F}.Release|Any CPU.ActiveCfg = Release|Any CPU
		{272450F5-7179-4BCA-A5D1-CA222A093D1F}.Release|Any CPU.Build.0 = Release|Any CPU
		{6FEDF426-44B1-48CB-BDC4-22A524C6EEEB}.Debug|Any CPU.ActiveCfg = Debug|Any CPU
		{6FEDF426-44B1-48CB-BDC4-22A524C6EEEB}.Debug|Any CPU.Build.0 = Debug|Any CPU
		{6FEDF426-44B1-48CB-BDC4-22A524C6EEEB}.Release|Any CPU.ActiveCfg = Release|Any CPU
		{6FEDF426-44B1-48CB-BDC4-22A524C6EEEB}.Release|Any CPU.Build.0 = Release|Any CPU
		{B828FE8F-2D73-4DF0-975C-1AC0AB307610}.Debug|Any CPU.ActiveCfg = Debug|Any CPU
		{B828FE8F-2D73-4DF0-975C-1AC0AB307610}.Debug|Any CPU.Build.0 = Debug|Any CPU
		{B828FE8F-2D73-4DF0-975C-1AC0AB307610}.Release|Any CPU.ActiveCfg = Release|Any CPU
		{B828FE8F-2D73-4DF0-975C-1AC0AB307610}.Release|Any CPU.Build.0 = Release|Any CPU
		{7F8C103F-AE3C-4BAB-A8A9-51B3A0480A7E}.Debug|Any CPU.ActiveCfg = Debug|Any CPU
		{7F8C103F-AE3C-4BAB-A8A9-51B3A0480A7E}.Debug|Any CPU.Build.0 = Debug|Any CPU
		{7F8C103F-AE3C-4BAB-A8A9-51B3A0480A7E}.Release|Any CPU.ActiveCfg = Release|Any CPU
		{7F8C103F-AE3C-4BAB-A8A9-51B3A0480A7E}.Release|Any CPU.Build.0 = Release|Any CPU
		{3DAFE5AA-AF73-4923-B47F-CA3500E53642}.Debug|Any CPU.ActiveCfg = Debug|Any CPU
		{3DAFE5AA-AF73-4923-B47F-CA3500E53642}.Debug|Any CPU.Build.0 = Debug|Any CPU
		{3DAFE5AA-AF73-4923-B47F-CA3500E53642}.Release|Any CPU.ActiveCfg = Release|Any CPU
		{3DAFE5AA-AF73-4923-B47F-CA3500E53642}.Release|Any CPU.Build.0 = Release|Any CPU
		{4C3737C7-D25F-4291-B844-CDC68CDE0CBC}.Debug|Any CPU.ActiveCfg = Debug|Any CPU
		{4C3737C7-D25F-4291-B844-CDC68CDE0CBC}.Debug|Any CPU.Build.0 = Debug|Any CPU
		{4C3737C7-D25F-4291-B844-CDC68CDE0CBC}.Release|Any CPU.ActiveCfg = Release|Any CPU
		{4C3737C7-D25F-4291-B844-CDC68CDE0CBC}.Release|Any CPU.Build.0 = Release|Any CPU
		{D6931A0E-6AD9-4529-B1AA-CF015D6AF32E}.Debug|Any CPU.ActiveCfg = Debug|Any CPU
		{D6931A0E-6AD9-4529-B1AA-CF015D6AF32E}.Debug|Any CPU.Build.0 = Debug|Any CPU
		{D6931A0E-6AD9-4529-B1AA-CF015D6AF32E}.Release|Any CPU.ActiveCfg = Release|Any CPU
		{D6931A0E-6AD9-4529-B1AA-CF015D6AF32E}.Release|Any CPU.Build.0 = Release|Any CPU
		{A66670FA-E125-42B2-9D7C-411B246E20BC}.Debug|Any CPU.ActiveCfg = Debug|Any CPU
		{A66670FA-E125-42B2-9D7C-411B246E20BC}.Debug|Any CPU.Build.0 = Debug|Any CPU
		{A66670FA-E125-42B2-9D7C-411B246E20BC}.Release|Any CPU.ActiveCfg = Release|Any CPU
		{A66670FA-E125-42B2-9D7C-411B246E20BC}.Release|Any CPU.Build.0 = Release|Any CPU
		{EDC27B26-5CDD-4B20-A216-E9362AA4956E}.Debug|Any CPU.ActiveCfg = Debug|Any CPU
		{EDC27B26-5CDD-4B20-A216-E9362AA4956E}.Debug|Any CPU.Build.0 = Debug|Any CPU
		{EDC27B26-5CDD-4B20-A216-E9362AA4956E}.Release|Any CPU.ActiveCfg = Release|Any CPU
		{EDC27B26-5CDD-4B20-A216-E9362AA4956E}.Release|Any CPU.Build.0 = Release|Any CPU
		{D0192D97-4AB7-427B-B494-FDA41E04C1D4}.Debug|Any CPU.ActiveCfg = Debug|Any CPU
		{D0192D97-4AB7-427B-B494-FDA41E04C1D4}.Debug|Any CPU.Build.0 = Debug|Any CPU
		{D0192D97-4AB7-427B-B494-FDA41E04C1D4}.Release|Any CPU.ActiveCfg = Release|Any CPU
		{D0192D97-4AB7-427B-B494-FDA41E04C1D4}.Release|Any CPU.Build.0 = Release|Any CPU
		{CA27676F-F306-415E-A24B-1660174E45A4}.Debug|Any CPU.ActiveCfg = Debug|Any CPU
		{CA27676F-F306-415E-A24B-1660174E45A4}.Debug|Any CPU.Build.0 = Debug|Any CPU
		{CA27676F-F306-415E-A24B-1660174E45A4}.Release|Any CPU.ActiveCfg = Release|Any CPU
		{CA27676F-F306-415E-A24B-1660174E45A4}.Release|Any CPU.Build.0 = Release|Any CPU
		{1FDA6243-A6B2-40EE-9680-3DB7B3157DCE}.Debug|Any CPU.ActiveCfg = Debug|Any CPU
		{1FDA6243-A6B2-40EE-9680-3DB7B3157DCE}.Debug|Any CPU.Build.0 = Debug|Any CPU
		{1FDA6243-A6B2-40EE-9680-3DB7B3157DCE}.Release|Any CPU.ActiveCfg = Release|Any CPU
		{1FDA6243-A6B2-40EE-9680-3DB7B3157DCE}.Release|Any CPU.Build.0 = Release|Any CPU
		{B686E06F-7BB0-4E91-A17D-462EB4459C38}.Debug|Any CPU.ActiveCfg = Debug|Any CPU
		{B686E06F-7BB0-4E91-A17D-462EB4459C38}.Debug|Any CPU.Build.0 = Debug|Any CPU
		{B686E06F-7BB0-4E91-A17D-462EB4459C38}.Release|Any CPU.ActiveCfg = Release|Any CPU
		{B686E06F-7BB0-4E91-A17D-462EB4459C38}.Release|Any CPU.Build.0 = Release|Any CPU
		{7CBAE2C7-AB3B-4B59-B0DC-21FB9598400B}.Debug|Any CPU.ActiveCfg = Debug|Any CPU
		{7CBAE2C7-AB3B-4B59-B0DC-21FB9598400B}.Debug|Any CPU.Build.0 = Debug|Any CPU
		{7CBAE2C7-AB3B-4B59-B0DC-21FB9598400B}.Release|Any CPU.ActiveCfg = Release|Any CPU
		{7CBAE2C7-AB3B-4B59-B0DC-21FB9598400B}.Release|Any CPU.Build.0 = Release|Any CPU
		{01BCCFD0-6BCF-4F4D-82AB-79ECB2A1FF6E}.Debug|Any CPU.ActiveCfg = Debug|Any CPU
		{01BCCFD0-6BCF-4F4D-82AB-79ECB2A1FF6E}.Debug|Any CPU.Build.0 = Debug|Any CPU
		{01BCCFD0-6BCF-4F4D-82AB-79ECB2A1FF6E}.Release|Any CPU.ActiveCfg = Release|Any CPU
		{01BCCFD0-6BCF-4F4D-82AB-79ECB2A1FF6E}.Release|Any CPU.Build.0 = Release|Any CPU
		{B8FF54D5-9D77-4869-86A0-544ACD440609}.Debug|Any CPU.ActiveCfg = Debug|Any CPU
		{B8FF54D5-9D77-4869-86A0-544ACD440609}.Debug|Any CPU.Build.0 = Debug|Any CPU
		{B8FF54D5-9D77-4869-86A0-544ACD440609}.Release|Any CPU.ActiveCfg = Release|Any CPU
		{B8FF54D5-9D77-4869-86A0-544ACD440609}.Release|Any CPU.Build.0 = Release|Any CPU
	EndGlobalSection
	GlobalSection(SolutionProperties) = preSolution
		HideSolutionNode = FALSE
	EndGlobalSection
	GlobalSection(ExtensibilityGlobals) = postSolution
		SolutionGuid = {3417A94D-ABEE-47B3-AA09-25FDA8276802}
	EndGlobalSection
EndGlobal
