
Microsoft Visual Studio Solution File, Format Version 12.00
# Visual Studio Version 17
VisualStudioVersion = 17.2.32630.192
MinimumVisualStudioVersion = 10.0.40219.1
Project("{9A19103F-16F7-4668-BE54-9A1E7A4F7556}") = "R5T.L0083", "R5T.L0083\R5T.L0083.csproj", "{00DC580A-D3B3-4F7C-8A4F-8611848E4987}"
EndProject
Project("{2150E333-8FDC-42A3-9474-1A3956D46DE8}") = "_Dependencies", "_Dependencies", "{2C7FE29F-152C-49A9-AF7B-A0D52D0E574F}"
EndProject
Project("{9A19103F-16F7-4668-BE54-9A1E7A4F7556}") = "R5T.L0066", "..\..\R5T.L0066\source\R5T.L0066\R5T.L0066.csproj", "{4EF1A880-4319-4308-B5F5-AAC91601826B}"
EndProject
Project("{9A19103F-16F7-4668-BE54-9A1E7A4F7556}") = "R5T.L0072", "..\..\R5T.L0072\source\R5T.L0072\R5T.L0072.csproj", "{04BC90C8-C01E-4484-8820-16590DA66F17}"
EndProject
Project("{9A19103F-16F7-4668-BE54-9A1E7A4F7556}") = "R5T.L0083.F001", "R5T.L0083.F001\R5T.L0083.F001.csproj", "{DDFF58EA-362F-42BA-AB9E-E24687ACB136}"
EndProject
Project("{9A19103F-16F7-4668-BE54-9A1E7A4F7556}") = "R5T.NG0023", "..\..\R5T.NG0023\source\R5T.NG0023\R5T.NG0023.csproj", "{7BD41537-EAB9-443C-8AC4-2F0BAEF19970}"
EndProject
Project("{9A19103F-16F7-4668-BE54-9A1E7A4F7556}") = "R5T.T0131", "..\..\R5T.T0131\source\R5T.T0131\R5T.T0131.csproj", "{8FCC728A-3C7D-4D28-A82C-F16DD129F30C}"
EndProject
Project("{9A19103F-16F7-4668-BE54-9A1E7A4F7556}") = "R5T.T0132", "..\..\R5T.T0132\source\R5T.T0132\R5T.T0132.csproj", "{BE22747A-EB1F-4A51-9F75-8BD02CFD2FBD}"
EndProject
Project("{9A19103F-16F7-4668-BE54-9A1E7A4F7556}") = "R5T.T0142", "..\..\R5T.T0142\source\R5T.T0142\R5T.T0142.csproj", "{42CD0835-88B9-4D10-AF5A-24A0F8F973EA}"
EndProject
Project("{9A19103F-16F7-4668-BE54-9A1E7A4F7556}") = "R5T.T0143", "..\..\R5T.T0143\source\R5T.T0143\R5T.T0143.csproj", "{7A1E2892-B496-4197-B3E4-BE5138DCADF0}"
EndProject
Project("{9A19103F-16F7-4668-BE54-9A1E7A4F7556}") = "R5T.T0156", "..\..\R5T.T0156\source\R5T.T0156\R5T.T0156.csproj", "{990D100F-3326-4721-B443-7C85690CE767}"
EndProject
Project("{9A19103F-16F7-4668-BE54-9A1E7A4F7556}") = "R5T.T0241", "..\..\R5T.T0241\source\R5T.T0241\R5T.T0241.csproj", "{50775EF6-AB78-4C25-B22B-0E9CECB1A2A2}"
EndProject
Project("{9A19103F-16F7-4668-BE54-9A1E7A4F7556}") = "R5T.Y0004", "..\..\R5T.Y0004\source\R5T.Y0004\R5T.Y0004.csproj", "{50B29993-CEEA-459D-859B-E847864A06E2}"
EndProject
Project("{9A19103F-16F7-4668-BE54-9A1E7A4F7556}") = "R5T.Y0006", "..\..\R5T.Y0006\source\R5T.Y0006\R5T.Y0006.csproj", "{FE399ECA-52CD-4186-B97A-135DD9B97A00}"
EndProject
Global
	GlobalSection(SolutionConfigurationPlatforms) = preSolution
		Debug|Any CPU = Debug|Any CPU
		Release|Any CPU = Release|Any CPU
	EndGlobalSection
	GlobalSection(ProjectConfigurationPlatforms) = postSolution
		{00DC580A-D3B3-4F7C-8A4F-8611848E4987}.Debug|Any CPU.ActiveCfg = Debug|Any CPU
		{00DC580A-D3B3-4F7C-8A4F-8611848E4987}.Debug|Any CPU.Build.0 = Debug|Any CPU
		{00DC580A-D3B3-4F7C-8A4F-8611848E4987}.Release|Any CPU.ActiveCfg = Release|Any CPU
		{00DC580A-D3B3-4F7C-8A4F-8611848E4987}.Release|Any CPU.Build.0 = Release|Any CPU
		{4EF1A880-4319-4308-B5F5-AAC91601826B}.Debug|Any CPU.ActiveCfg = Debug|Any CPU
		{4EF1A880-4319-4308-B5F5-AAC91601826B}.Debug|Any CPU.Build.0 = Debug|Any CPU
		{4EF1A880-4319-4308-B5F5-AAC91601826B}.Release|Any CPU.ActiveCfg = Release|Any CPU
		{4EF1A880-4319-4308-B5F5-AAC91601826B}.Release|Any CPU.Build.0 = Release|Any CPU
		{04BC90C8-C01E-4484-8820-16590DA66F17}.Debug|Any CPU.ActiveCfg = Debug|Any CPU
		{04BC90C8-C01E-4484-8820-16590DA66F17}.Debug|Any CPU.Build.0 = Debug|Any CPU
		{04BC90C8-C01E-4484-8820-16590DA66F17}.Release|Any CPU.ActiveCfg = Release|Any CPU
		{04BC90C8-C01E-4484-8820-16590DA66F17}.Release|Any CPU.Build.0 = Release|Any CPU
		{DDFF58EA-362F-42BA-AB9E-E24687ACB136}.Debug|Any CPU.ActiveCfg = Debug|Any CPU
		{DDFF58EA-362F-42BA-AB9E-E24687ACB136}.Debug|Any CPU.Build.0 = Debug|Any CPU
		{DDFF58EA-362F-42BA-AB9E-E24687ACB136}.Release|Any CPU.ActiveCfg = Release|Any CPU
		{DDFF58EA-362F-42BA-AB9E-E24687ACB136}.Release|Any CPU.Build.0 = Release|Any CPU
		{7BD41537-EAB9-443C-8AC4-2F0BAEF19970}.Debug|Any CPU.ActiveCfg = Debug|Any CPU
		{7BD41537-EAB9-443C-8AC4-2F0BAEF19970}.Debug|Any CPU.Build.0 = Debug|Any CPU
		{7BD41537-EAB9-443C-8AC4-2F0BAEF19970}.Release|Any CPU.ActiveCfg = Release|Any CPU
		{7BD41537-EAB9-443C-8AC4-2F0BAEF19970}.Release|Any CPU.Build.0 = Release|Any CPU
		{8FCC728A-3C7D-4D28-A82C-F16DD129F30C}.Debug|Any CPU.ActiveCfg = Debug|Any CPU
		{8FCC728A-3C7D-4D28-A82C-F16DD129F30C}.Debug|Any CPU.Build.0 = Debug|Any CPU
		{8FCC728A-3C7D-4D28-A82C-F16DD129F30C}.Release|Any CPU.ActiveCfg = Release|Any CPU
		{8FCC728A-3C7D-4D28-A82C-F16DD129F30C}.Release|Any CPU.Build.0 = Release|Any CPU
		{BE22747A-EB1F-4A51-9F75-8BD02CFD2FBD}.Debug|Any CPU.ActiveCfg = Debug|Any CPU
		{BE22747A-EB1F-4A51-9F75-8BD02CFD2FBD}.Debug|Any CPU.Build.0 = Debug|Any CPU
		{BE22747A-EB1F-4A51-9F75-8BD02CFD2FBD}.Release|Any CPU.ActiveCfg = Release|Any CPU
		{BE22747A-EB1F-4A51-9F75-8BD02CFD2FBD}.Release|Any CPU.Build.0 = Release|Any CPU
		{42CD0835-88B9-4D10-AF5A-24A0F8F973EA}.Debug|Any CPU.ActiveCfg = Debug|Any CPU
		{42CD0835-88B9-4D10-AF5A-24A0F8F973EA}.Debug|Any CPU.Build.0 = Debug|Any CPU
		{42CD0835-88B9-4D10-AF5A-24A0F8F973EA}.Release|Any CPU.ActiveCfg = Release|Any CPU
		{42CD0835-88B9-4D10-AF5A-24A0F8F973EA}.Release|Any CPU.Build.0 = Release|Any CPU
		{7A1E2892-B496-4197-B3E4-BE5138DCADF0}.Debug|Any CPU.ActiveCfg = Debug|Any CPU
		{7A1E2892-B496-4197-B3E4-BE5138DCADF0}.Debug|Any CPU.Build.0 = Debug|Any CPU
		{7A1E2892-B496-4197-B3E4-BE5138DCADF0}.Release|Any CPU.ActiveCfg = Release|Any CPU
		{7A1E2892-B496-4197-B3E4-BE5138DCADF0}.Release|Any CPU.Build.0 = Release|Any CPU
		{990D100F-3326-4721-B443-7C85690CE767}.Debug|Any CPU.ActiveCfg = Debug|Any CPU
		{990D100F-3326-4721-B443-7C85690CE767}.Debug|Any CPU.Build.0 = Debug|Any CPU
		{990D100F-3326-4721-B443-7C85690CE767}.Release|Any CPU.ActiveCfg = Release|Any CPU
		{990D100F-3326-4721-B443-7C85690CE767}.Release|Any CPU.Build.0 = Release|Any CPU
		{50775EF6-AB78-4C25-B22B-0E9CECB1A2A2}.Debug|Any CPU.ActiveCfg = Debug|Any CPU
		{50775EF6-AB78-4C25-B22B-0E9CECB1A2A2}.Debug|Any CPU.Build.0 = Debug|Any CPU
		{50775EF6-AB78-4C25-B22B-0E9CECB1A2A2}.Release|Any CPU.ActiveCfg = Release|Any CPU
		{50775EF6-AB78-4C25-B22B-0E9CECB1A2A2}.Release|Any CPU.Build.0 = Release|Any CPU
		{50B29993-CEEA-459D-859B-E847864A06E2}.Debug|Any CPU.ActiveCfg = Debug|Any CPU
		{50B29993-CEEA-459D-859B-E847864A06E2}.Debug|Any CPU.Build.0 = Debug|Any CPU
		{50B29993-CEEA-459D-859B-E847864A06E2}.Release|Any CPU.ActiveCfg = Release|Any CPU
		{50B29993-CEEA-459D-859B-E847864A06E2}.Release|Any CPU.Build.0 = Release|Any CPU
		{FE399ECA-52CD-4186-B97A-135DD9B97A00}.Debug|Any CPU.ActiveCfg = Debug|Any CPU
		{FE399ECA-52CD-4186-B97A-135DD9B97A00}.Debug|Any CPU.Build.0 = Debug|Any CPU
		{FE399ECA-52CD-4186-B97A-135DD9B97A00}.Release|Any CPU.ActiveCfg = Release|Any CPU
		{FE399ECA-52CD-4186-B97A-135DD9B97A00}.Release|Any CPU.Build.0 = Release|Any CPU
	EndGlobalSection
	GlobalSection(SolutionProperties) = preSolution
		HideSolutionNode = FALSE
	EndGlobalSection
	GlobalSection(NestedProjects) = preSolution
		{4EF1A880-4319-4308-B5F5-AAC91601826B} = {2C7FE29F-152C-49A9-AF7B-A0D52D0E574F}
		{04BC90C8-C01E-4484-8820-16590DA66F17} = {2C7FE29F-152C-49A9-AF7B-A0D52D0E574F}
		{7BD41537-EAB9-443C-8AC4-2F0BAEF19970} = {2C7FE29F-152C-49A9-AF7B-A0D52D0E574F}
		{8FCC728A-3C7D-4D28-A82C-F16DD129F30C} = {2C7FE29F-152C-49A9-AF7B-A0D52D0E574F}
		{BE22747A-EB1F-4A51-9F75-8BD02CFD2FBD} = {2C7FE29F-152C-49A9-AF7B-A0D52D0E574F}
		{42CD0835-88B9-4D10-AF5A-24A0F8F973EA} = {2C7FE29F-152C-49A9-AF7B-A0D52D0E574F}
		{7A1E2892-B496-4197-B3E4-BE5138DCADF0} = {2C7FE29F-152C-49A9-AF7B-A0D52D0E574F}
		{990D100F-3326-4721-B443-7C85690CE767} = {2C7FE29F-152C-49A9-AF7B-A0D52D0E574F}
		{50775EF6-AB78-4C25-B22B-0E9CECB1A2A2} = {2C7FE29F-152C-49A9-AF7B-A0D52D0E574F}
		{50B29993-CEEA-459D-859B-E847864A06E2} = {2C7FE29F-152C-49A9-AF7B-A0D52D0E574F}
		{FE399ECA-52CD-4186-B97A-135DD9B97A00} = {2C7FE29F-152C-49A9-AF7B-A0D52D0E574F}
	EndGlobalSection
	GlobalSection(ExtensibilityGlobals) = postSolution
		SolutionGuid = {080A3C73-7316-4243-B0AA-5F674D1EF284}
	EndGlobalSection
EndGlobal
